
Microsoft Visual Studio Solution File, Format Version 12.00
# Visual Studio Version 16
VisualStudioVersion = 16.0.808.4
MinimumVisualStudioVersion = 10.0.40219.1
Project("{FAE04EC0-301F-11D3-BF4B-00C04F79EFBC}") = "MongoRest", "MongoRest\MongoRest.csproj", "{315B0461-4723-41FA-BA0C-779B01BA7A4D}"
EndProject
Global
	GlobalSection(SolutionConfigurationPlatforms) = preSolution
		Debug|Any CPU = Debug|Any CPU
		Release|Any CPU = Release|Any CPU
	EndGlobalSection
	GlobalSection(ProjectConfigurationPlatforms) = postSolution
		{315B0461-4723-41FA-BA0C-779B01BA7A4D}.Debug|Any CPU.ActiveCfg = Debug|Any CPU
		{315B0461-4723-41FA-BA0C-779B01BA7A4D}.Debug|Any CPU.Build.0 = Debug|Any CPU
		{315B0461-4723-41FA-BA0C-779B01BA7A4D}.Release|Any CPU.ActiveCfg = Release|Any CPU
		{315B0461-4723-41FA-BA0C-779B01BA7A4D}.Release|Any CPU.Build.0 = Release|Any CPU
	EndGlobalSection
	GlobalSection(SolutionProperties) = preSolution
		HideSolutionNode = FALSE
	EndGlobalSection
	GlobalSection(ExtensibilityGlobals) = postSolution
		SolutionGuid = {60641128-84A1-4A91-9012-7AA34C497131}
	EndGlobalSection
EndGlobal
